{
  "name": "Projek_KKP",
  "lockfileVersion": 3,
  "requires": true,
  "packages": {
    "": {
      "dependencies": {
        "nodemailer": "^7.0.12",
        "postprocessing": "^6.38.2",
        "react-icons": "^5.5.0",
        "three": "^0.182.0"
      }
    },
    "node_modules/nodemailer": {
      "version": "7.0.12",
      "resolved": "https://registry.npmjs.org/nodemailer/-/nodemailer-7.0.12.tgz",
      "integrity": "sha512-H+rnK5bX2Pi/6ms3sN4/jRQvYSMltV6vqup/0SFOrxYYY/qoNvhXPlYq3e+Pm9RFJRwrMGbMIwi81M4dxpomhA==",
      "license": "MIT-0",
      "engines": {
        "node": ">=6.0.0"
      }
    },
    "node_modules/postprocessing": {
      "version": "6.38.2",
      "resolved": "https://registry.npmjs.org/postprocessing/-/postprocessing-6.38.2.tgz",
      "integrity": "sha512-7DwuT7Tkst41ZjSj287g7C9c5/D3Xx5rMgBosg0dadbUPoZD2HNzkadKPol1d2PJAoI9f+Jeh1/v9YfLzpFGVw==",
      "license": "Zlib",
      "peerDependencies": {
        "three": ">= 0.157.0 < 0.183.0"
      }
    },
    "node_modules/react": {
      "version": "19.2.4",
      "resolved": "https://registry.npmjs.org/react/-/react-19.2.4.tgz",
      "integrity": "sha512-9nfp2hYpCwOjAN+8TZFGhtWEwgvWHXqESH8qT89AT/lWklpLON22Lc8pEtnpsZz7VmawabSU0gCjnj8aC0euHQ==",
      "license": "MIT",
      "peer": true,
      "engines": {
        "node": ">=0.10.0"
      }
    },
    "node_modules/react-icons": {
      "version": "5.5.0",
      "resolved": "https://registry.npmjs.org/react-icons/-/react-icons-5.5.0.tgz",
      "integrity": "sha512-MEFcXdkP3dLo8uumGI5xN3lDFNsRtrjbOEKDLD7yv76v4wpnEq2Lt2qeHaQOr34I/wPN3s3+N08WkQ+CW37Xiw==",
      "license": "MIT",
      "peerDependencies": {
        "react": "*"
      }
    },
    "node_modules/three": {
      "version": "0.182.0",
      "resolved": "https://registry.npmjs.org/three/-/three-0.182.0.tgz",
      "integrity": "sha512-GbHabT+Irv+ihI1/f5kIIsZ+Ef9Sl5A1Y7imvS5RQjWgtTPfPnZ43JmlYI7NtCRDK9zir20lQpfg8/9Yd02OvQ==",
      "license": "MIT"
    }
  }
}
